// !$*UTF8*$!
{
	archiveVersion = 1;
	classes = {
	};
	objectVersion = 46;
	objects = {

/* Begin PBXBuildFile section */
		830DD1761EF579110003E3E1 /* AppDelegate.swift in Sources */ = {isa = PBXBuildFile; fileRef = 830DD1751EF579110003E3E1 /* AppDelegate.swift */; };
		830DD1781EF579110003E3E1 /* ViewController.swift in Sources */ = {isa = PBXBuildFile; fileRef = 830DD1771EF579110003E3E1 /* ViewController.swift */; };
		830DD17B1EF579110003E3E1 /* Main.storyboard in Resources */ = {isa = PBXBuildFile; fileRef = 830DD1791EF579110003E3E1 /* Main.storyboard */; };
		830DD17D1EF579110003E3E1 /* Assets.xcassets in Resources */ = {isa = PBXBuildFile; fileRef = 830DD17C1EF579110003E3E1 /* Assets.xcassets */; };
		830DD1801EF579110003E3E1 /* LaunchScreen.storyboard in Resources */ = {isa = PBXBuildFile; fileRef = 830DD17E1EF579110003E3E1 /* LaunchScreen.storyboard */; };
		830DD18A1EF579430003E3E1 /* RestKit.framework in Frameworks */ = {isa = PBXBuildFile; fileRef = 830DD1871EF579430003E3E1 /* RestKit.framework */; };
		830DD18B1EF579430003E3E1 /* RestKit.framework in Embed Frameworks */ = {isa = PBXBuildFile; fileRef = 830DD1871EF579430003E3E1 /* RestKit.framework */; settings = {ATTRIBUTES = (CodeSignOnCopy, RemoveHeadersOnCopy, ); }; };
		830DD18C1EF579430003E3E1 /* SVProgressHUD.framework in Frameworks */ = {isa = PBXBuildFile; fileRef = 830DD1881EF579430003E3E1 /* SVProgressHUD.framework */; };
		830DD18D1EF579430003E3E1 /* SVProgressHUD.framework in Embed Frameworks */ = {isa = PBXBuildFile; fileRef = 830DD1881EF579430003E3E1 /* SVProgressHUD.framework */; settings = {ATTRIBUTES = (CodeSignOnCopy, RemoveHeadersOnCopy, ); }; };
		830DD18E1EF579430003E3E1 /* VisualRecognitionV3.framework in Frameworks */ = {isa = PBXBuildFile; fileRef = 830DD1891EF579430003E3E1 /* VisualRecognitionV3.framework */; };
		830DD18F1EF579430003E3E1 /* VisualRecognitionV3.framework in Embed Frameworks */ = {isa = PBXBuildFile; fileRef = 830DD1891EF579430003E3E1 /* VisualRecognitionV3.framework */; settings = {ATTRIBUTES = (CodeSignOnCopy, RemoveHeadersOnCopy, ); }; };
/* End PBXBuildFile section */

/* Begin PBXCopyFilesBuildPhase section */
		830DD1901EF579430003E3E1 /* Embed Frameworks */ = {
			isa = PBXCopyFilesBuildPhase;
			buildActionMask = 2147483647;
			dstPath = "";
			dstSubfolderSpec = 10;
			files = (
				830DD18D1EF579430003E3E1 /* SVProgressHUD.framework in Embed Frameworks */,
				830DD18F1EF579430003E3E1 /* VisualRecognitionV3.framework in Embed Frameworks */,
				830DD18B1EF579430003E3E1 /* RestKit.framework in Embed Frameworks */,
			);
			name = "Embed Frameworks";
			runOnlyForDeploymentPostprocessing = 0;
		};
/* End PBXCopyFilesBuildPhase section */

/* Begin PBXFileReference section */
		830DD1721EF579110003E3E1 /* SeaFood.app */ = {isa = PBXFileReference; explicitFileType = wrapper.application; includeInIndex = 0; path = SeaFood.app; sourceTree = BUILT_PRODUCTS_DIR; };
		830DD1751EF579110003E3E1 /* AppDelegate.swift */ = {isa = PBXFileReference; lastKnownFileType = sourcecode.swift; path = AppDelegate.swift; sourceTree = "<group>"; };
		830DD1771EF579110003E3E1 /* ViewController.swift */ = {isa = PBXFileReference; lastKnownFileType = sourcecode.swift; path = ViewController.swift; sourceTree = "<group>"; };
		830DD17A1EF579110003E3E1 /* Base */ = {isa = PBXFileReference; lastKnownFileType = file.storyboard; name = Base; path = Base.lproj/Main.storyboard; sourceTree = "<group>"; };
		830DD17C1EF579110003E3E1 /* Assets.xcassets */ = {isa = PBXFileReference; lastKnownFileType = folder.assetcatalog; path = Assets.xcassets; sourceTree = "<group>"; };
		830DD17F1EF579110003E3E1 /* Base */ = {isa = PBXFileReference; lastKnownFileType = file.storyboard; name = Base; path = Base.lproj/LaunchScreen.storyboard; sourceTree = "<group>"; };
		830DD1811EF579110003E3E1 /* Info.plist */ = {isa = PBXFileReference; lastKnownFileType = text.plist.xml; path = Info.plist; sourceTree = "<group>"; };
		830DD1871EF579430003E3E1 /* RestKit.framework */ = {isa = PBXFileReference; lastKnownFileType = wrapper.framework; path = RestKit.framework; sourceTree = "<group>"; };
		830DD1881EF579430003E3E1 /* SVProgressHUD.framework */ = {isa = PBXFileReference; lastKnownFileType = wrapper.framework; path = SVProgressHUD.framework; sourceTree = "<group>"; };
		830DD1891EF579430003E3E1 /* VisualRecognitionV3.framework */ = {isa = PBXFileReference; lastKnownFileType = wrapper.framework; path = VisualRecognitionV3.framework; sourceTree = "<group>"; };
/* End PBXFileReference section */

/* Begin PBXFrameworksBuildPhase section */
		830DD16F1EF579110003E3E1 /* Frameworks */ = {
			isa = PBXFrameworksBuildPhase;
			buildActionMask = 2147483647;
			files = (
				830DD18C1EF579430003E3E1 /* SVProgressHUD.framework in Frameworks */,
				830DD18E1EF579430003E3E1 /* VisualRecognitionV3.framework in Frameworks */,
				830DD18A1EF579430003E3E1 /* RestKit.framework in Frameworks */,
			);
			runOnlyForDeploymentPostprocessing = 0;
		};
/* End PBXFrameworksBuildPhase section */

/* Begin PBXGroup section */
		830DD1691EF579110003E3E1 = {
			isa = PBXGroup;
			children = (
				830DD1871EF579430003E3E1 /* RestKit.framework */,
				830DD1881EF579430003E3E1 /* SVProgressHUD.framework */,
				830DD1891EF579430003E3E1 /* VisualRecognitionV3.framework */,
				830DD1741EF579110003E3E1 /* SeaFood */,
				830DD1731EF579110003E3E1 /* Products */,
			);
			sourceTree = "<group>";
		};
		830DD1731EF579110003E3E1 /* Products */ = {
			isa = PBXGroup;
			children = (
				830DD1721EF579110003E3E1 /* SeaFood.app */,
			);
			name = Products;
			sourceTree = "<group>";
		};
		830DD1741EF579110003E3E1 /* SeaFood */ = {
			isa = PBXGroup;
			children = (
				830DD1751EF579110003E3E1 /* AppDelegate.swift */,
				830DD1771EF579110003E3E1 /* ViewController.swift */,
				830DD1791EF579110003E3E1 /* Main.storyboard */,
				830DD17C1EF579110003E3E1 /* Assets.xcassets */,
				830DD17E1EF579110003E3E1 /* LaunchScreen.storyboard */,
				830DD1811EF579110003E3E1 /* Info.plist */,
			);
			path = SeaFood;
			sourceTree = "<group>";
		};
/* End PBXGroup section */

/* Begin PBXNativeTarget section */
		830DD1711EF579110003E3E1 /* SeaFood */ = {
			isa = PBXNativeTarget;
			buildConfigurationList = 830DD1841EF579110003E3E1 /* Build configuration list for PBXNativeTarget "SeaFood" */;
			buildPhases = (
				830DD16E1EF579110003E3E1 /* Sources */,
				830DD16F1EF579110003E3E1 /* Frameworks */,
				830DD1701EF579110003E3E1 /* Resources */,
				830DD1901EF579430003E3E1 /* Embed Frameworks */,
			);
			buildRules = (
			);
			dependencies = (
			);
			name = SeaFood;
			productName = SeaFood;
			productReference = 830DD1721EF579110003E3E1 /* SeaFood.app */;
			productType = "com.apple.product-type.application";
		};
/* End PBXNativeTarget section */

/* Begin PBXProject section */
		830DD16A1EF579110003E3E1 /* Project object */ = {
			isa = PBXProject;
			attributes = {
				LastSwiftUpdateCheck = 0830;
				LastUpgradeCheck = 0830;
				ORGANIZATIONNAME = "Sujanth Sebamalaithasan";
				TargetAttributes = {
					830DD1711EF579110003E3E1 = {
						CreatedOnToolsVersion = 8.3.2;
						DevelopmentTeam = 7444ZHPYLX;
						ProvisioningStyle = Automatic;
					};
				};
			};
			buildConfigurationList = 830DD16D1EF579110003E3E1 /* Build configuration list for PBXProject "SeaFood" */;
			compatibilityVersion = "Xcode 3.2";
			developmentRegion = English;
			hasScannedForEncodings = 0;
			knownRegions = (
				en,
				Base,
			);
			mainGroup = 830DD1691EF579110003E3E1;
			productRefGroup = 830DD1731EF579110003E3E1 /* Products */;
			projectDirPath = "";
			projectRoot = "";
			targets = (
				830DD1711EF579110003E3E1 /* SeaFood */,
			);
		};
/* End PBXProject section */

/* Begin PBXResourcesBuildPhase section */
		830DD1701EF579110003E3E1 /* Resources */ = {
			isa = PBXResourcesBuildPhase;
			buildActionMask = 2147483647;
			files = (
				830DD1801EF579110003E3E1 /* LaunchScreen.storyboard in Resources */,
				830DD17D1EF579110003E3E1 /* Assets.xcassets in Resources */,
				830DD17B1EF579110003E3E1 /* Main.storyboard in Resources */,
			);
			runOnlyForDeploymentPostprocessing = 0;
		};
/* End PBXResourcesBuildPhase section */

/* Begin PBXSourcesBuildPhase section */
		830DD16E1EF579110003E3E1 /* Sources */ = {
			isa = PBXSourcesBuildPhase;
			buildActionMask = 2147483647;
			files = (
				830DD1781EF579110003E3E1 /* ViewController.swift in Sources */,
				830DD1761EF579110003E3E1 /* AppDelegate.swift in Sources */,
			);
			runOnlyForDeploymentPostprocessing = 0;
		};
/* End PBXSourcesBuildPhase section */

/* Begin PBXVariantGroup section */
		830DD1791EF579110003E3E1 /* Main.storyboard */ = {
			isa = PBXVariantGroup;
			children = (
				830DD17A1EF579110003E3E1 /* Base */,
			);
			name = Main.storyboard;
			sourceTree = "<group>";
		};
		830DD17E1EF579110003E3E1 /* LaunchScreen.storyboard */ = {
			isa = PBXVariantGroup;
			children = (
				830DD17F1EF579110003E3E1 /* Base */,
			);
			name = LaunchScreen.storyboard;
			sourceTree = "<group>";
		};
/* End PBXVariantGroup section */

/* Begin XCBuildConfiguration section */
		830DD1821EF579110003E3E1 /* Debug */ = {
			isa = XCBuildConfiguration;
			buildSettings = {
				ALWAYS_SEARCH_USER_PATHS = NO;
				CLANG_ANALYZER_NONNULL = YES;
				CLANG_ANALYZER_NUMBER_OBJECT_CONVERSION = YES_AGGRESSIVE;
				CLANG_CXX_LANGUAGE_STANDARD = "gnu++0x";
				CLANG_CXX_LIBRARY = "libc++";
				CLANG_ENABLE_MODULES = YES;
				CLANG_ENABLE_OBJC_ARC = YES;
				CLANG_WARN_BOOL_CONVERSION = YES;
				CLANG_WARN_CONSTANT_CONVERSION = YES;
				CLANG_WARN_DIRECT_OBJC_ISA_USAGE = YES_ERROR;
				CLANG_WARN_DOCUMENTATION_COMMENTS = YES;
				CLANG_WARN_EMPTY_BODY = YES;
				CLANG_WARN_ENUM_CONVERSION = YES;
				CLANG_WARN_INFINITE_RECURSION = YES;
				CLANG_WARN_INT_CONVERSION = YES;
				CLANG_WARN_OBJC_ROOT_CLASS = YES_ERROR;
				CLANG_WARN_SUSPICIOUS_MOVE = YES;
				CLANG_WARN_UNREACHABLE_CODE = YES;
				CLANG_WARN__DUPLICATE_METHOD_MATCH = YES;
				"CODE_SIGN_IDENTITY[sdk=iphoneos*]" = "iPhone Developer";
				COPY_PHASE_STRIP = NO;
				DEBUG_INFORMATION_FORMAT = dwarf;
				ENABLE_STRICT_OBJC_MSGSEND = YES;
				ENABLE_TESTABILITY = YES;
				GCC_C_LANGUAGE_STANDARD = gnu99;
				GCC_DYNAMIC_NO_PIC = NO;
				GCC_NO_COMMON_BLOCKS = YES;
				GCC_OPTIMIZATION_LEVEL = 0;
				GCC_PREPROCESSOR_DEFINITIONS = (
					"DEBUG=1",
					"$(inherited)",
				);
				GCC_WARN_64_TO_32_BIT_CONVERSION = YES;
				GCC_WARN_ABOUT_RETURN_TYPE = YES_ERROR;
				GCC_WARN_UNDECLARED_SELECTOR = YES;
				GCC_WARN_UNINITIALIZED_AUTOS = YES_AGGRESSIVE;
				GCC_WARN_UNUSED_FUNCTION = YES;
				GCC_WARN_UNUSED_VARIABLE = YES;
				IPHONEOS_DEPLOYMENT_TARGET = 10.3;
				MTL_ENABLE_DEBUG_INFO = YES;
				ONLY_ACTIVE_ARCH = YES;
				SDKROOT = iphoneos;
				SWIFT_ACTIVE_COMPILATION_CONDITIONS = DEBUG;
				SWIFT_OPTIMIZATION_LEVEL = "-Onone";
			};
			name = Debug;
		};
		830DD1831EF579110003E3E1 /* Release */ = {
			isa = XCBuildConfiguration;
			buildSettings = {
				ALWAYS_SEARCH_USER_PATHS = NO;
				CLANG_ANALYZER_NONNULL = YES;
				CLANG_ANALYZER_NUMBER_OBJECT_CONVERSION = YES_AGGRESSIVE;
				CLANG_CXX_LANGUAGE_STANDARD = "gnu++0x";
				CLANG_CXX_LIBRARY = "libc++";
				CLANG_ENABLE_MODULES = YES;
				CLANG_ENABLE_OBJC_ARC = YES;
				CLANG_WARN_BOOL_CONVERSION = YES;
				CLANG_WARN_CONSTANT_CONVERSION = YES;
				CLANG_WARN_DIRECT_OBJC_ISA_USAGE = YES_ERROR;
				CLANG_WARN_DOCUMENTATION_COMMENTS = YES;
				CLANG_WARN_EMPTY_BODY = YES;
				CLANG_WARN_ENUM_CONVERSION = YES;
				CLANG_WARN_INFINITE_RECURSION = YES;
				CLANG_WARN_INT_CONVERSION = YES;
				CLANG_WARN_OBJC_ROOT_CLASS = YES_ERROR;
				CLANG_WARN_SUSPICIOUS_MOVE = YES;
				CLANG_WARN_UNREACHABLE_CODE = YES;
				CLANG_WARN__DUPLICATE_METHOD_MATCH = YES;
				"CODE_SIGN_IDENTITY[sdk=iphoneos*]" = "iPhone Developer";
				COPY_PHASE_STRIP = NO;
				DEBUG_INFORMATION_FORMAT = "dwarf-with-dsym";
				ENABLE_NS_ASSERTIONS = NO;
				ENABLE_STRICT_OBJC_MSGSEND = YES;
				GCC_C_LANGUAGE_STANDARD = gnu99;
				GCC_NO_COMMON_BLOCKS = YES;
				GCC_WARN_64_TO_32_BIT_CONVERSION = YES;
				GCC_WARN_ABOUT_RETURN_TYPE = YES_ERROR;
				GCC_WARN_UNDECLARED_SELECTOR = YES;
				GCC_WARN_UNINITIALIZED_AUTOS = YES_AGGRESSIVE;
				GCC_WARN_UNUSED_FUNCTION = YES;
				GCC_WARN_UNUSED_VARIABLE = YES;
				IPHONEOS_DEPLOYMENT_TARGET = 10.3;
				MTL_ENABLE_DEBUG_INFO = NO;
				SDKROOT = iphoneos;
				SWIFT_OPTIMIZATION_LEVEL = "-Owholemodule";
				VALIDATE_PRODUCT = YES;
			};
			name = Release;
		};
		830DD1851EF579110003E3E1 /* Debug */ = {
			isa = XCBuildConfiguration;
			buildSettings = {
				ASSETCATALOG_COMPILER_APPICON_NAME = AppIcon;
				DEVELOPMENT_TEAM = 7444ZHPYLX;
				FRAMEWORK_SEARCH_PATHS = (
					"$(inherited)",
					"$(PROJECT_DIR)",
				);
				INFOPLIST_FILE = SeaFood/Info.plist;
				LD_RUNPATH_SEARCH_PATHS = "$(inherited) @executable_path/Frameworks";
				PRODUCT_BUNDLE_IDENTIFIER = com.sujanth.SeaFood;
				PRODUCT_NAME = "$(TARGET_NAME)";
				SWIFT_VERSION = 3.0;
			};
			name = Debug;
		};
		830DD1861EF579110003E3E1 /* Release */ = {
			isa = XCBuildConfiguration;
			buildSettings = {
				ASSETCATALOG_COMPILER_APPICON_NAME = AppIcon;
				DEVELOPMENT_TEAM = 7444ZHPYLX;
				FRAMEWORK_SEARCH_PATHS = (
					"$(inherited)",
					"$(PROJECT_DIR)",
				);
				INFOPLIST_FILE = SeaFood/Info.plist;
				LD_RUNPATH_SEARCH_PATHS = "$(inherited) @executable_path/Frameworks";
				PRODUCT_BUNDLE_IDENTIFIER = com.sujanth.SeaFood;
				PRODUCT_NAME = "$(TARGET_NAME)";
				SWIFT_VERSION = 3.0;
			};
			name = Release;
		};
/* End XCBuildConfiguration section */

/* Begin XCConfigurationList section */
		830DD16D1EF579110003E3E1 /* Build configuration list for PBXProject "SeaFood" */ = {
			isa = XCConfigurationList;
			buildConfigurations = (
				830DD1821EF579110003E3E1 /* Debug */,
				830DD1831EF579110003E3E1 /* Release */,
			);
			defaultConfigurationIsVisible = 0;
			defaultConfigurationName = Release;
		};
		830DD1841EF579110003E3E1 /* Build configuration list for PBXNativeTarget "SeaFood" */ = {
			isa = XCConfigurationList;
			buildConfigurations = (
				830DD1851EF579110003E3E1 /* Debug */,
				830DD1861EF579110003E3E1 /* Release */,
			);
			defaultConfigurationIsVisible = 0;
		};
/* End XCConfigurationList section */
	};
	rootObject = 830DD16A1EF579110003E3E1 /* Project object */;
}
